// !$*UTF8*$!
{
	archiveVersion = 1;
	classes = {
	};
	objectVersion = 77;
	objects = {

/* Begin PBXBuildFile section */
		782E494A2D5C06AF00A18027 /* FirebaseFirestore in Frameworks */ = {isa = PBXBuildFile; productRef = 782E49492D5C06AF00A18027 /* FirebaseFirestore */; };
		78AD8AB32D50A9D4006D788F /* FirebaseAuth in Frameworks */ = {isa = PBXBuildFile; productRef = 78AD8AB22D50A9D4006D788F /* FirebaseAuth */; };
		78AD8AB62D50ABFA006D788F /* GoogleSignIn in Frameworks */ = {isa = PBXBuildFile; productRef = 78AD8AB52D50ABFA006D788F /* GoogleSignIn */; };
		78AD8AB82D50ABFA006D788F /* GoogleSignInSwift in Frameworks */ = {isa = PBXBuildFile; productRef = 78AD8AB72D50ABFA006D788F /* GoogleSignInSwift */; };
		78C106502D50A3A7001255C4 /* FirebaseAnalytics in Frameworks */ = {isa = PBXBuildFile; productRef = 78C1064F2D50A3A7001255C4 /* FirebaseAnalytics */; };
		78C106522D50A3A7001255C4 /* FirebaseAnalyticsOnDeviceConversion in Frameworks */ = {isa = PBXBuildFile; productRef = 78C106512D50A3A7001255C4 /* FirebaseAnalyticsOnDeviceConversion */; };
		78C106542D50A3A7001255C4 /* FirebaseAnalyticsWithoutAdIdSupport in Frameworks */ = {isa = PBXBuildFile; productRef = 78C106532D50A3A7001255C4 /* FirebaseAnalyticsWithoutAdIdSupport */; };
		78C106562D50A3A7001255C4 /* FirebaseAppCheck in Frameworks */ = {isa = PBXBuildFile; productRef = 78C106552D50A3A7001255C4 /* FirebaseAppCheck */; };
		78C106582D50A3A7001255C4 /* FirebaseAppDistribution-Beta in Frameworks */ = {isa = PBXBuildFile; productRef = 78C106572D50A3A7001255C4 /* FirebaseAppDistribution-Beta */; };
		AD393E1E2D9736530083C13E /* GoogleService-Info.plist in Resources */ = {isa = PBXBuildFile; fileRef = AD393E1D2D9736530083C13E /* GoogleService-Info.plist */; };
/* End PBXBuildFile section */

/* Begin PBXContainerItemProxy section */
		5AA7452E2D4ED17F00B36A32 /* PBXContainerItemProxy */ = {
			isa = PBXContainerItemProxy;
			containerPortal = 5AA745152D4ED17D00B36A32 /* Project object */;
			proxyType = 1;
			remoteGlobalIDString = 5AA7451C2D4ED17D00B36A32;
			remoteInfo = "Mental Health";
		};
		5AA745382D4ED17F00B36A32 /* PBXContainerItemProxy */ = {
			isa = PBXContainerItemProxy;
			containerPortal = 5AA745152D4ED17D00B36A32 /* Project object */;
			proxyType = 1;
			remoteGlobalIDString = 5AA7451C2D4ED17D00B36A32;
			remoteInfo = "Mental Health";
		};
/* End PBXContainerItemProxy section */

/* Begin PBXFileReference section */
		5AA7451D2D4ED17D00B36A32 /* Mental Health.app */ = {isa = PBXFileReference; explicitFileType = wrapper.application; includeInIndex = 0; path = "Mental Health.app"; sourceTree = BUILT_PRODUCTS_DIR; };
		5AA7452D2D4ED17F00B36A32 /* Mental HealthTests.xctest */ = {isa = PBXFileReference; explicitFileType = wrapper.cfbundle; includeInIndex = 0; path = "Mental HealthTests.xctest"; sourceTree = BUILT_PRODUCTS_DIR; };
		5AA745372D4ED17F00B36A32 /* Mental HealthUITests.xctest */ = {isa = PBXFileReference; explicitFileType = wrapper.cfbundle; includeInIndex = 0; path = "Mental HealthUITests.xctest"; sourceTree = BUILT_PRODUCTS_DIR; };
		AD393E1D2D9736530083C13E /* GoogleService-Info.plist */ = {isa = PBXFileReference; lastKnownFileType = text.plist.xml; path = "GoogleService-Info.plist"; sourceTree = "<group>"; };
/* End PBXFileReference section */

/* Begin PBXFileSystemSynchronizedRootGroup section */
		5AA7451F2D4ED17D00B36A32 /* Mental Health */ = {
			isa = PBXFileSystemSynchronizedRootGroup;
			path = "Mental Health";
			sourceTree = "<group>";
		};
		5AA745302D4ED17F00B36A32 /* Mental HealthTests */ = {
			isa = PBXFileSystemSynchronizedRootGroup;
			path = "Mental HealthTests";
			sourceTree = "<group>";
		};
		5AA7453A2D4ED17F00B36A32 /* Mental HealthUITests */ = {
			isa = PBXFileSystemSynchronizedRootGroup;
			path = "Mental HealthUITests";
			sourceTree = "<group>";
		};
/* End PBXFileSystemSynchronizedRootGroup section */

/* Begin PBXFrameworksBuildPhase section */
		5AA7451A2D4ED17D00B36A32 /* Frameworks */ = {
			isa = PBXFrameworksBuildPhase;
			buildActionMask = 2147483647;
			files = (
				78C106562D50A3A7001255C4 /* FirebaseAppCheck in Frameworks */,
				78AD8AB32D50A9D4006D788F /* FirebaseAuth in Frameworks */,
				78C106502D50A3A7001255C4 /* FirebaseAnalytics in Frameworks */,
				78AD8AB82D50ABFA006D788F /* GoogleSignInSwift in Frameworks */,
				78C106582D50A3A7001255C4 /* FirebaseAppDistribution-Beta in Frameworks */,
				782E494A2D5C06AF00A18027 /* FirebaseFirestore in Frameworks */,
				78C106542D50A3A7001255C4 /* FirebaseAnalyticsWithoutAdIdSupport in Frameworks */,
				78C106522D50A3A7001255C4 /* FirebaseAnalyticsOnDeviceConversion in Frameworks */,
				78AD8AB62D50ABFA006D788F /* GoogleSignIn in Frameworks */,
			);
			runOnlyForDeploymentPostprocessing = 0;
		};
		5AA7452A2D4ED17F00B36A32 /* Frameworks */ = {
			isa = PBXFrameworksBuildPhase;
			buildActionMask = 2147483647;
			files = (
			);
			runOnlyForDeploymentPostprocessing = 0;
		};
		5AA745342D4ED17F00B36A32 /* Frameworks */ = {
			isa = PBXFrameworksBuildPhase;
			buildActionMask = 2147483647;
			files = (
			);
			runOnlyForDeploymentPostprocessing = 0;
		};
/* End PBXFrameworksBuildPhase section */

/* Begin PBXGroup section */
		5AA745142D4ED17D00B36A32 = {
			isa = PBXGroup;
			children = (
				AD393E1D2D9736530083C13E /* GoogleService-Info.plist */,
				5AA7451F2D4ED17D00B36A32 /* Mental Health */,
				5AA745302D4ED17F00B36A32 /* Mental HealthTests */,
				5AA7453A2D4ED17F00B36A32 /* Mental HealthUITests */,
				78AD8AB12D50A9D4006D788F /* Frameworks */,
				5AA7451E2D4ED17D00B36A32 /* Products */,
			);
			sourceTree = "<group>";
		};
		5AA7451E2D4ED17D00B36A32 /* Products */ = {
			isa = PBXGroup;
			children = (
				5AA7451D2D4ED17D00B36A32 /* Mental Health.app */,
				5AA7452D2D4ED17F00B36A32 /* Mental HealthTests.xctest */,
				5AA745372D4ED17F00B36A32 /* Mental HealthUITests.xctest */,
			);
			name = Products;
			sourceTree = "<group>";
		};
		78AD8AB12D50A9D4006D788F /* Frameworks */ = {
			isa = PBXGroup;
			children = (
			);
			name = Frameworks;
			sourceTree = "<group>";
		};
/* End PBXGroup section */

/* Begin PBXNativeTarget section */
		5AA7451C2D4ED17D00B36A32 /* Mental Health */ = {
			isa = PBXNativeTarget;
			buildConfigurationList = 5AA745412D4ED17F00B36A32 /* Build configuration list for PBXNativeTarget "Mental Health" */;
			buildPhases = (
				5AA745192D4ED17D00B36A32 /* Sources */,
				5AA7451A2D4ED17D00B36A32 /* Frameworks */,
				5AA7451B2D4ED17D00B36A32 /* Resources */,
			);
			buildRules = (
			);
			dependencies = (
			);
			fileSystemSynchronizedGroups = (
				5AA7451F2D4ED17D00B36A32 /* Mental Health */,
			);
			name = "Mental Health";
			packageProductDependencies = (
				78C1064F2D50A3A7001255C4 /* FirebaseAnalytics */,
				78C106512D50A3A7001255C4 /* FirebaseAnalyticsOnDeviceConversion */,
				78C106532D50A3A7001255C4 /* FirebaseAnalyticsWithoutAdIdSupport */,
				78C106552D50A3A7001255C4 /* FirebaseAppCheck */,
				78C106572D50A3A7001255C4 /* FirebaseAppDistribution-Beta */,
				78AD8AB22D50A9D4006D788F /* FirebaseAuth */,
				78AD8AB52D50ABFA006D788F /* GoogleSignIn */,
				78AD8AB72D50ABFA006D788F /* GoogleSignInSwift */,
				782E49492D5C06AF00A18027 /* FirebaseFirestore */,
			);
			productName = "Mental Health";
			productReference = 5AA7451D2D4ED17D00B36A32 /* Mental Health.app */;
			productType = "com.apple.product-type.application";
		};
		5AA7452C2D4ED17F00B36A32 /* Mental HealthTests */ = {
			isa = PBXNativeTarget;
			buildConfigurationList = 5AA745442D4ED17F00B36A32 /* Build configuration list for PBXNativeTarget "Mental HealthTests" */;
			buildPhases = (
				5AA745292D4ED17F00B36A32 /* Sources */,
				5AA7452A2D4ED17F00B36A32 /* Frameworks */,
				5AA7452B2D4ED17F00B36A32 /* Resources */,
			);
			buildRules = (
			);
			dependencies = (
				5AA7452F2D4ED17F00B36A32 /* PBXTargetDependency */,
			);
			fileSystemSynchronizedGroups = (
				5AA745302D4ED17F00B36A32 /* Mental HealthTests */,
			);
			name = "Mental HealthTests";
			packageProductDependencies = (
			);
			productName = "Mental HealthTests";
			productReference = 5AA7452D2D4ED17F00B36A32 /* Mental HealthTests.xctest */;
			productType = "com.apple.product-type.bundle.unit-test";
		};
		5AA745362D4ED17F00B36A32 /* Mental HealthUITests */ = {
			isa = PBXNativeTarget;
			buildConfigurationList = 5AA745472D4ED17F00B36A32 /* Build configuration list for PBXNativeTarget "Mental HealthUITests" */;
			buildPhases = (
				5AA745332D4ED17F00B36A32 /* Sources */,
				5AA745342D4ED17F00B36A32 /* Frameworks */,
				5AA745352D4ED17F00B36A32 /* Resources */,
			);
			buildRules = (
			);
			dependencies = (
				5AA745392D4ED17F00B36A32 /* PBXTargetDependency */,
			);
			fileSystemSynchronizedGroups = (
				5AA7453A2D4ED17F00B36A32 /* Mental HealthUITests */,
			);
			name = "Mental HealthUITests";
			packageProductDependencies = (
			);
			productName = "Mental HealthUITests";
			productReference = 5AA745372D4ED17F00B36A32 /* Mental HealthUITests.xctest */;
			productType = "com.apple.product-type.bundle.ui-testing";
		};
/* End PBXNativeTarget section */

/* Begin PBXProject section */
		5AA745152D4ED17D00B36A32 /* Project object */ = {
			isa = PBXProject;
			attributes = {
				BuildIndependentTargetsInParallel = 1;
				LastSwiftUpdateCheck = 1610;
				LastUpgradeCheck = 1610;
				TargetAttributes = {
					5AA7451C2D4ED17D00B36A32 = {
						CreatedOnToolsVersion = 16.1;
					};
					5AA7452C2D4ED17F00B36A32 = {
						CreatedOnToolsVersion = 16.1;
						TestTargetID = 5AA7451C2D4ED17D00B36A32;
					};
					5AA745362D4ED17F00B36A32 = {
						CreatedOnToolsVersion = 16.1;
						TestTargetID = 5AA7451C2D4ED17D00B36A32;
					};
				};
			};
			buildConfigurationList = 5AA745182D4ED17D00B36A32 /* Build configuration list for PBXProject "Mental Health" */;
			developmentRegion = en;
			hasScannedForEncodings = 0;
			knownRegions = (
				en,
				Base,
			);
			mainGroup = 5AA745142D4ED17D00B36A32;
			minimizedProjectReferenceProxies = 1;
			packageReferences = (
				78C1064E2D50A2AD001255C4 /* XCRemoteSwiftPackageReference "firebase-ios-sdk" */,
				78AD8AB42D50ABFA006D788F /* XCRemoteSwiftPackageReference "GoogleSignIn-iOS" */,
			);
			preferredProjectObjectVersion = 77;
			productRefGroup = 5AA7451E2D4ED17D00B36A32 /* Products */;
			projectDirPath = "";
			projectRoot = "";
			targets = (
				5AA7451C2D4ED17D00B36A32 /* Mental Health */,
				5AA7452C2D4ED17F00B36A32 /* Mental HealthTests */,
				5AA745362D4ED17F00B36A32 /* Mental HealthUITests */,
			);
		};
/* End PBXProject section */

/* Begin PBXResourcesBuildPhase section */
		5AA7451B2D4ED17D00B36A32 /* Resources */ = {
			isa = PBXResourcesBuildPhase;
			buildActionMask = 2147483647;
			files = (
				AD393E1E2D9736530083C13E /* GoogleService-Info.plist in Resources */,
			);
			runOnlyForDeploymentPostprocessing = 0;
		};
		5AA7452B2D4ED17F00B36A32 /* Resources */ = {
			isa = PBXResourcesBuildPhase;
			buildActionMask = 2147483647;
			files = (
			);
			runOnlyForDeploymentPostprocessing = 0;
		};
		5AA745352D4ED17F00B36A32 /* Resources */ = {
			isa = PBXResourcesBuildPhase;
			buildActionMask = 2147483647;
			files = (
			);
			runOnlyForDeploymentPostprocessing = 0;
		};
/* End PBXResourcesBuildPhase section */

/* Begin PBXSourcesBuildPhase section */
		5AA745192D4ED17D00B36A32 /* Sources */ = {
			isa = PBXSourcesBuildPhase;
			buildActionMask = 2147483647;
			files = (
			);
			runOnlyForDeploymentPostprocessing = 0;
		};
		5AA745292D4ED17F00B36A32 /* Sources */ = {
			isa = PBXSourcesBuildPhase;
			buildActionMask = 2147483647;
			files = (
			);
			runOnlyForDeploymentPostprocessing = 0;
		};
		5AA745332D4ED17F00B36A32 /* Sources */ = {
			isa = PBXSourcesBuildPhase;
			buildActionMask = 2147483647;
			files = (
			);
			runOnlyForDeploymentPostprocessing = 0;
		};
/* End PBXSourcesBuildPhase section */

/* Begin PBXTargetDependency section */
		5AA7452F2D4ED17F00B36A32 /* PBXTargetDependency */ = {
			isa = PBXTargetDependency;
			target = 5AA7451C2D4ED17D00B36A32 /* Mental Health */;
			targetProxy = 5AA7452E2D4ED17F00B36A32 /* PBXContainerItemProxy */;
		};
		5AA745392D4ED17F00B36A32 /* PBXTargetDependency */ = {
			isa = PBXTargetDependency;
			target = 5AA7451C2D4ED17D00B36A32 /* Mental Health */;
			targetProxy = 5AA745382D4ED17F00B36A32 /* PBXContainerItemProxy */;
		};
/* End PBXTargetDependency section */

/* Begin XCBuildConfiguration section */
		5AA7453F2D4ED17F00B36A32 /* Debug */ = {
			isa = XCBuildConfiguration;
			buildSettings = {
				ALWAYS_SEARCH_USER_PATHS = NO;
				ASSETCATALOG_COMPILER_GENERATE_SWIFT_ASSET_SYMBOL_EXTENSIONS = YES;
				CLANG_ANALYZER_NONNULL = YES;
				CLANG_ANALYZER_NUMBER_OBJECT_CONVERSION = YES_AGGRESSIVE;
				CLANG_CXX_LANGUAGE_STANDARD = "gnu++20";
				CLANG_ENABLE_MODULES = YES;
				CLANG_ENABLE_OBJC_ARC = YES;
				CLANG_ENABLE_OBJC_WEAK = YES;
				CLANG_WARN_BLOCK_CAPTURE_AUTORELEASING = YES;
				CLANG_WARN_BOOL_CONVERSION = YES;
				CLANG_WARN_COMMA = YES;
				CLANG_WARN_CONSTANT_CONVERSION = YES;
				CLANG_WARN_DEPRECATED_OBJC_IMPLEMENTATIONS = YES;
				CLANG_WARN_DIRECT_OBJC_ISA_USAGE = YES_ERROR;
				CLANG_WARN_DOCUMENTATION_COMMENTS = YES;
				CLANG_WARN_EMPTY_BODY = YES;
				CLANG_WARN_ENUM_CONVERSION = YES;
				CLANG_WARN_INFINITE_RECURSION = YES;
				CLANG_WARN_INT_CONVERSION = YES;
				CLANG_WARN_NON_LITERAL_NULL_CONVERSION = YES;
				CLANG_WARN_OBJC_IMPLICIT_RETAIN_SELF = YES;
				CLANG_WARN_OBJC_LITERAL_CONVERSION = YES;
				CLANG_WARN_OBJC_ROOT_CLASS = YES_ERROR;
				CLANG_WARN_QUOTED_INCLUDE_IN_FRAMEWORK_HEADER = YES;
				CLANG_WARN_RANGE_LOOP_ANALYSIS = YES;
				CLANG_WARN_STRICT_PROTOTYPES = YES;
				CLANG_WARN_SUSPICIOUS_MOVE = YES;
				CLANG_WARN_UNGUARDED_AVAILABILITY = YES_AGGRESSIVE;
				CLANG_WARN_UNREACHABLE_CODE = YES;
				CLANG_WARN__DUPLICATE_METHOD_MATCH = YES;
				COPY_PHASE_STRIP = NO;
				DEBUG_INFORMATION_FORMAT = dwarf;
				ENABLE_STRICT_OBJC_MSGSEND = YES;
				ENABLE_TESTABILITY = YES;
				ENABLE_USER_SCRIPT_SANDBOXING = YES;
				GCC_C_LANGUAGE_STANDARD = gnu17;
				GCC_DYNAMIC_NO_PIC = NO;
				GCC_NO_COMMON_BLOCKS = YES;
				GCC_OPTIMIZATION_LEVEL = 0;
				GCC_PREPROCESSOR_DEFINITIONS = (
					"DEBUG=1",
					"$(inherited)",
				);
				GCC_WARN_64_TO_32_BIT_CONVERSION = YES;
				GCC_WARN_ABOUT_RETURN_TYPE = YES_ERROR;
				GCC_WARN_UNDECLARED_SELECTOR = YES;
				GCC_WARN_UNINITIALIZED_AUTOS = YES_AGGRESSIVE;
				GCC_WARN_UNUSED_FUNCTION = YES;
				GCC_WARN_UNUSED_VARIABLE = YES;
				IPHONEOS_DEPLOYMENT_TARGET = 18.1;
				LOCALIZATION_PREFERS_STRING_CATALOGS = YES;
				MTL_ENABLE_DEBUG_INFO = INCLUDE_SOURCE;
				MTL_FAST_MATH = YES;
				ONLY_ACTIVE_ARCH = YES;
				SDKROOT = iphoneos;
				SWIFT_ACTIVE_COMPILATION_CONDITIONS = "DEBUG $(inherited)";
				SWIFT_OPTIMIZATION_LEVEL = "-Onone";
			};
			name = Debug;
		};
		5AA745402D4ED17F00B36A32 /* Release */ = {
			isa = XCBuildConfiguration;
			buildSettings = {
				ALWAYS_SEARCH_USER_PATHS = NO;
				ASSETCATALOG_COMPILER_GENERATE_SWIFT_ASSET_SYMBOL_EXTENSIONS = YES;
				CLANG_ANALYZER_NONNULL = YES;
				CLANG_ANALYZER_NUMBER_OBJECT_CONVERSION = YES_AGGRESSIVE;
				CLANG_CXX_LANGUAGE_STANDARD = "gnu++20";
				CLANG_ENABLE_MODULES = YES;
				CLANG_ENABLE_OBJC_ARC = YES;
				CLANG_ENABLE_OBJC_WEAK = YES;
				CLANG_WARN_BLOCK_CAPTURE_AUTORELEASING = YES;
				CLANG_WARN_BOOL_CONVERSION = YES;
				CLANG_WARN_COMMA = YES;
				CLANG_WARN_CONSTANT_CONVERSION = YES;
				CLANG_WARN_DEPRECATED_OBJC_IMPLEMENTATIONS = YES;
				CLANG_WARN_DIRECT_OBJC_ISA_USAGE = YES_ERROR;
				CLANG_WARN_DOCUMENTATION_COMMENTS = YES;
				CLANG_WARN_EMPTY_BODY = YES;
				CLANG_WARN_ENUM_CONVERSION = YES;
				CLANG_WARN_INFINITE_RECURSION = YES;
				CLANG_WARN_INT_CONVERSION = YES;
				CLANG_WARN_NON_LITERAL_NULL_CONVERSION = YES;
				CLANG_WARN_OBJC_IMPLICIT_RETAIN_SELF = YES;
				CLANG_WARN_OBJC_LITERAL_CONVERSION = YES;
				CLANG_WARN_OBJC_ROOT_CLASS = YES_ERROR;
				CLANG_WARN_QUOTED_INCLUDE_IN_FRAMEWORK_HEADER = YES;
				CLANG_WARN_RANGE_LOOP_ANALYSIS = YES;
				CLANG_WARN_STRICT_PROTOTYPES = YES;
				CLANG_WARN_SUSPICIOUS_MOVE = YES;
				CLANG_WARN_UNGUARDED_AVAILABILITY = YES_AGGRESSIVE;
				CLANG_WARN_UNREACHABLE_CODE = YES;
				CLANG_WARN__DUPLICATE_METHOD_MATCH = YES;
				COPY_PHASE_STRIP = NO;
				DEBUG_INFORMATION_FORMAT = "dwarf-with-dsym";
				ENABLE_NS_ASSERTIONS = NO;
				ENABLE_STRICT_OBJC_MSGSEND = YES;
				ENABLE_USER_SCRIPT_SANDBOXING = YES;
				GCC_C_LANGUAGE_STANDARD = gnu17;
				GCC_NO_COMMON_BLOCKS = YES;
				GCC_WARN_64_TO_32_BIT_CONVERSION = YES;
				GCC_WARN_ABOUT_RETURN_TYPE = YES_ERROR;
				GCC_WARN_UNDECLARED_SELECTOR = YES;
				GCC_WARN_UNINITIALIZED_AUTOS = YES_AGGRESSIVE;
				GCC_WARN_UNUSED_FUNCTION = YES;
				GCC_WARN_UNUSED_VARIABLE = YES;
				IPHONEOS_DEPLOYMENT_TARGET = 18.1;
				LOCALIZATION_PREFERS_STRING_CATALOGS = YES;
				MTL_ENABLE_DEBUG_INFO = NO;
				MTL_FAST_MATH = YES;
				SDKROOT = iphoneos;
				SWIFT_COMPILATION_MODE = wholemodule;
				VALIDATE_PRODUCT = YES;
			};
			name = Release;
		};
		5AA745422D4ED17F00B36A32 /* Debug */ = {
			isa = XCBuildConfiguration;
			buildSettings = {
				ASSETCATALOG_COMPILER_APPICON_NAME = AppIcon;
				ASSETCATALOG_COMPILER_GLOBAL_ACCENT_COLOR_NAME = AccentColor;
				CODE_SIGN_STYLE = Automatic;
				CURRENT_PROJECT_VERSION = 1;
				DEVELOPMENT_ASSET_PATHS = "\"Mental Health/Preview Content\"";
				DEVELOPMENT_TEAM = VB6N5HD2Q5;
				ENABLE_PREVIEWS = YES;
				GENERATE_INFOPLIST_FILE = YES;
				INFOPLIST_FILE = "GoogleService-Info.plist";
				INFOPLIST_KEY_CFBundleDisplayName = "Moo'd";
				INFOPLIST_KEY_UIApplicationSceneManifest_Generation = YES;
				INFOPLIST_KEY_UIApplicationSupportsIndirectInputEvents = YES;
				INFOPLIST_KEY_UILaunchScreen_Generation = YES;
				INFOPLIST_KEY_UISupportedInterfaceOrientations_iPad = "UIInterfaceOrientationPortrait UIInterfaceOrientationPortraitUpsideDown UIInterfaceOrientationLandscapeLeft UIInterfaceOrientationLandscapeRight";
				INFOPLIST_KEY_UISupportedInterfaceOrientations_iPhone = "UIInterfaceOrientationPortrait UIInterfaceOrientationLandscapeLeft UIInterfaceOrientationLandscapeRight";
				IPHONEOS_DEPLOYMENT_TARGET = 18.0;
				LD_RUNPATH_SEARCH_PATHS = (
					"$(inherited)",
					"@executable_path/Frameworks",
				);
				MARKETING_VERSION = 1.0;
				PRODUCT_BUNDLE_IDENTIFIER = "com.d3c.mental-health";
				PRODUCT_NAME = "$(TARGET_NAME)";
				SWIFT_EMIT_LOC_STRINGS = YES;
				SWIFT_VERSION = 5.0;
				TARGETED_DEVICE_FAMILY = "1,2";
			};
			name = Debug;
		};
		5AA745432D4ED17F00B36A32 /* Release */ = {
			isa = XCBuildConfiguration;
			buildSettings = {
				ASSETCATALOG_COMPILER_APPICON_NAME = AppIcon;
				ASSETCATALOG_COMPILER_GLOBAL_ACCENT_COLOR_NAME = AccentColor;
				CODE_SIGN_STYLE = Automatic;
				CURRENT_PROJECT_VERSION = 1;
				DEVELOPMENT_ASSET_PATHS = "\"Mental Health/Preview Content\"";
				DEVELOPMENT_TEAM = VB6N5HD2Q5;
				ENABLE_PREVIEWS = YES;
				GENERATE_INFOPLIST_FILE = YES;
				INFOPLIST_FILE = "GoogleService-Info.plist";
				INFOPLIST_KEY_CFBundleDisplayName = "Moo'd";
				INFOPLIST_KEY_UIApplicationSceneManifest_Generation = YES;
				INFOPLIST_KEY_UIApplicationSupportsIndirectInputEvents = YES;
				INFOPLIST_KEY_UILaunchScreen_Generation = YES;
				INFOPLIST_KEY_UISupportedInterfaceOrientations_iPad = "UIInterfaceOrientationPortrait UIInterfaceOrientationPortraitUpsideDown UIInterfaceOrientationLandscapeLeft UIInterfaceOrientationLandscapeRight";
				INFOPLIST_KEY_UISupportedInterfaceOrientations_iPhone = "UIInterfaceOrientationPortrait UIInterfaceOrientationLandscapeLeft UIInterfaceOrientationLandscapeRight";
				IPHONEOS_DEPLOYMENT_TARGET = 18.0;
				LD_RUNPATH_SEARCH_PATHS = (
					"$(inherited)",
					"@executable_path/Frameworks",
				);
				MARKETING_VERSION = 1.0;
				PRODUCT_BUNDLE_IDENTIFIER = "com.d3c.mental-health";
				PRODUCT_NAME = "$(TARGET_NAME)";
				SWIFT_EMIT_LOC_STRINGS = YES;
				SWIFT_VERSION = 5.0;
				TARGETED_DEVICE_FAMILY = "1,2";
			};
			name = Release;
		};
		5AA745452D4ED17F00B36A32 /* Debug */ = {
			isa = XCBuildConfiguration;
			buildSettings = {
				BUNDLE_LOADER = "$(TEST_HOST)";
				CODE_SIGN_STYLE = Automatic;
				CURRENT_PROJECT_VERSION = 1;
				GENERATE_INFOPLIST_FILE = YES;
				IPHONEOS_DEPLOYMENT_TARGET = 18.1;
				MARKETING_VERSION = 1.0;
				PRODUCT_BUNDLE_IDENTIFIER = "d3c.Mental-HealthTests";
				PRODUCT_NAME = "$(TARGET_NAME)";
				SWIFT_EMIT_LOC_STRINGS = NO;
				SWIFT_VERSION = 5.0;
				TARGETED_DEVICE_FAMILY = "1,2";
				TEST_HOST = "$(BUILT_PRODUCTS_DIR)/Mental Health.app/$(BUNDLE_EXECUTABLE_FOLDER_PATH)/Mental Health";
			};
			name = Debug;
		};
		5AA745462D4ED17F00B36A32 /* Release */ = {
			isa = XCBuildConfiguration;
			buildSettings = {
				BUNDLE_LOADER = "$(TEST_HOST)";
				CODE_SIGN_STYLE = Automatic;
				CURRENT_PROJECT_VERSION = 1;
				GENERATE_INFOPLIST_FILE = YES;
				IPHONEOS_DEPLOYMENT_TARGET = 18.1;
				MARKETING_VERSION = 1.0;
				PRODUCT_BUNDLE_IDENTIFIER = "d3c.Mental-HealthTests";
				PRODUCT_NAME = "$(TARGET_NAME)";
				SWIFT_EMIT_LOC_STRINGS = NO;
				SWIFT_VERSION = 5.0;
				TARGETED_DEVICE_FAMILY = "1,2";
				TEST_HOST = "$(BUILT_PRODUCTS_DIR)/Mental Health.app/$(BUNDLE_EXECUTABLE_FOLDER_PATH)/Mental Health";
			};
			name = Release;
		};
		5AA745482D4ED17F00B36A32 /* Debug */ = {
			isa = XCBuildConfiguration;
			buildSettings = {
				CODE_SIGN_STYLE = Automatic;
				CURRENT_PROJECT_VERSION = 1;
				GENERATE_INFOPLIST_FILE = YES;
				MARKETING_VERSION = 1.0;
				PRODUCT_BUNDLE_IDENTIFIER = "d3c.Mental-HealthUITests";
				PRODUCT_NAME = "$(TARGET_NAME)";
				SWIFT_EMIT_LOC_STRINGS = NO;
				SWIFT_VERSION = 5.0;
				TARGETED_DEVICE_FAMILY = "1,2";
				TEST_TARGET_NAME = "Mental Health";
			};
			name = Debug;
		};
		5AA745492D4ED17F00B36A32 /* Release */ = {
			isa = XCBuildConfiguration;
			buildSettings = {
				CODE_SIGN_STYLE = Automatic;
				CURRENT_PROJECT_VERSION = 1;
				GENERATE_INFOPLIST_FILE = YES;
				MARKETING_VERSION = 1.0;
				PRODUCT_BUNDLE_IDENTIFIER = "d3c.Mental-HealthUITests";
				PRODUCT_NAME = "$(TARGET_NAME)";
				SWIFT_EMIT_LOC_STRINGS = NO;
				SWIFT_VERSION = 5.0;
				TARGETED_DEVICE_FAMILY = "1,2";
				TEST_TARGET_NAME = "Mental Health";
			};
			name = Release;
		};
/* End XCBuildConfiguration section */

/* Begin XCConfigurationList section */
		5AA745182D4ED17D00B36A32 /* Build configuration list for PBXProject "Mental Health" */ = {
			isa = XCConfigurationList;
			buildConfigurations = (
				5AA7453F2D4ED17F00B36A32 /* Debug */,
				5AA745402D4ED17F00B36A32 /* Release */,
			);
			defaultConfigurationIsVisible = 0;
			defaultConfigurationName = Release;
		};
		5AA745412D4ED17F00B36A32 /* Build configuration list for PBXNativeTarget "Mental Health" */ = {
			isa = XCConfigurationList;
			buildConfigurations = (
				5AA745422D4ED17F00B36A32 /* Debug */,
				5AA745432D4ED17F00B36A32 /* Release */,
			);
			defaultConfigurationIsVisible = 0;
			defaultConfigurationName = Release;
		};
		5AA745442D4ED17F00B36A32 /* Build configuration list for PBXNativeTarget "Mental HealthTests" */ = {
			isa = XCConfigurationList;
			buildConfigurations = (
				5AA745452D4ED17F00B36A32 /* Debug */,
				5AA745462D4ED17F00B36A32 /* Release */,
			);
			defaultConfigurationIsVisible = 0;
			defaultConfigurationName = Release;
		};
		5AA745472D4ED17F00B36A32 /* Build configuration list for PBXNativeTarget "Mental HealthUITests" */ = {
			isa = XCConfigurationList;
			buildConfigurations = (
				5AA745482D4ED17F00B36A32 /* Debug */,
				5AA745492D4ED17F00B36A32 /* Release */,
			);
			defaultConfigurationIsVisible = 0;
			defaultConfigurationName = Release;
		};
/* End XCConfigurationList section */

/* Begin XCRemoteSwiftPackageReference section */
		78AD8AB42D50ABFA006D788F /* XCRemoteSwiftPackageReference "GoogleSignIn-iOS" */ = {
			isa = XCRemoteSwiftPackageReference;
			repositoryURL = "https://github.com/google/GoogleSignIn-iOS";
			requirement = {
				kind = upToNextMajorVersion;
				minimumVersion = 8.0.0;
			};
		};
		78C1064E2D50A2AD001255C4 /* XCRemoteSwiftPackageReference "firebase-ios-sdk" */ = {
			isa = XCRemoteSwiftPackageReference;
			repositoryURL = "https://github.com/firebase/firebase-ios-sdk.git";
			requirement = {
				kind = upToNextMajorVersion;
				minimumVersion = 11.7.0;
			};
		};
/* End XCRemoteSwiftPackageReference section */

/* Begin XCSwiftPackageProductDependency section */
		782E49492D5C06AF00A18027 /* FirebaseFirestore */ = {
			isa = XCSwiftPackageProductDependency;
			package = 78C1064E2D50A2AD001255C4 /* XCRemoteSwiftPackageReference "firebase-ios-sdk" */;
			productName = FirebaseFirestore;
		};
		78AD8AB22D50A9D4006D788F /* FirebaseAuth */ = {
			isa = XCSwiftPackageProductDependency;
			package = 78C1064E2D50A2AD001255C4 /* XCRemoteSwiftPackageReference "firebase-ios-sdk" */;
			productName = FirebaseAuth;
		};
		78AD8AB52D50ABFA006D788F /* GoogleSignIn */ = {
			isa = XCSwiftPackageProductDependency;
			package = 78AD8AB42D50ABFA006D788F /* XCRemoteSwiftPackageReference "GoogleSignIn-iOS" */;
			productName = GoogleSignIn;
		};
		78AD8AB72D50ABFA006D788F /* GoogleSignInSwift */ = {
			isa = XCSwiftPackageProductDependency;
			package = 78AD8AB42D50ABFA006D788F /* XCRemoteSwiftPackageReference "GoogleSignIn-iOS" */;
			productName = GoogleSignInSwift;
		};
		78C1064F2D50A3A7001255C4 /* FirebaseAnalytics */ = {
			isa = XCSwiftPackageProductDependency;
			package = 78C1064E2D50A2AD001255C4 /* XCRemoteSwiftPackageReference "firebase-ios-sdk" */;
			productName = FirebaseAnalytics;
		};
		78C106512D50A3A7001255C4 /* FirebaseAnalyticsOnDeviceConversion */ = {
			isa = XCSwiftPackageProductDependency;
			package = 78C1064E2D50A2AD001255C4 /* XCRemoteSwiftPackageReference "firebase-ios-sdk" */;
			productName = FirebaseAnalyticsOnDeviceConversion;
		};
		78C106532D50A3A7001255C4 /* FirebaseAnalyticsWithoutAdIdSupport */ = {
			isa = XCSwiftPackageProductDependency;
			package = 78C1064E2D50A2AD001255C4 /* XCRemoteSwiftPackageReference "firebase-ios-sdk" */;
			productName = FirebaseAnalyticsWithoutAdIdSupport;
		};
		78C106552D50A3A7001255C4 /* FirebaseAppCheck */ = {
			isa = XCSwiftPackageProductDependency;
			package = 78C1064E2D50A2AD001255C4 /* XCRemoteSwiftPackageReference "firebase-ios-sdk" */;
			productName = FirebaseAppCheck;
		};
		78C106572D50A3A7001255C4 /* FirebaseAppDistribution-Beta */ = {
			isa = XCSwiftPackageProductDependency;
			package = 78C1064E2D50A2AD001255C4 /* XCRemoteSwiftPackageReference "firebase-ios-sdk" */;
			productName = "FirebaseAppDistribution-Beta";
		};
/* End XCSwiftPackageProductDependency section */
	};
	rootObject = 5AA745152D4ED17D00B36A32 /* Project object */;
}
